
Microsoft Visual Studio Solution File, Format Version 12.00
# Visual Studio Version 16
VisualStudioVersion = 16.0.32802.440
MinimumVisualStudioVersion = 10.0.40219.1
Project("{9A19103F-16F7-4668-BE54-9A1E7A4F7556}") = "QuanLyLichPhongMay", "QuanLyLichPhongMay.csproj", "{1DFCFD38-BF9B-4EE0-8419-B2E60F44E76D}"
EndProject
Project("{9A19103F-16F7-4668-BE54-9A1E7A4F7556}") = "DAL", "..\DAL\DAL.csproj", "{10814C0E-9E28-4A6C-B571-9C30638C8FE1}"
EndProject
Project("{FAE04EC0-301F-11D3-BF4B-00C04F79EFBC}") = "BLL", "..\BLL\BLL.csproj", "{C15A980F-EC4F-4627-AD46-E04BD89B8A40}"
EndProject
Project("{FAE04EC0-301F-11D3-BF4B-00C04F79EFBC}") = "Common", "..\Common\Common.csproj", "{7B9F7946-F94F-44C3-934D-23227CA7DB92}"
EndProject
Global
	GlobalSection(SolutionConfigurationPlatforms) = preSolution
		Debug|Any CPU = Debug|Any CPU
		Release|Any CPU = Release|Any CPU
	EndGlobalSection
	GlobalSection(ProjectConfigurationPlatforms) = postSolution
		{1DFCFD38-BF9B-4EE0-8419-B2E60F44E76D}.Debug|Any CPU.ActiveCfg = Debug|Any CPU
		{1DFCFD38-BF9B-4EE0-8419-B2E60F44E76D}.Debug|Any CPU.Build.0 = Debug|Any CPU
		{1DFCFD38-BF9B-4EE0-8419-B2E60F44E76D}.Release|Any CPU.ActiveCfg = Release|Any CPU
		{1DFCFD38-BF9B-4EE0-8419-B2E60F44E76D}.Release|Any CPU.Build.0 = Release|Any CPU
		{10814C0E-9E28-4A6C-B571-9C30638C8FE1}.Debug|Any CPU.ActiveCfg = Debug|Any CPU
		{10814C0E-9E28-4A6C-B571-9C30638C8FE1}.Debug|Any CPU.Build.0 = Debug|Any CPU
		{10814C0E-9E28-4A6C-B571-9C30638C8FE1}.Release|Any CPU.ActiveCfg = Release|Any CPU
		{10814C0E-9E28-4A6C-B571-9C30638C8FE1}.Release|Any CPU.Build.0 = Release|Any CPU
		{C15A980F-EC4F-4627-AD46-E04BD89B8A40}.Debug|Any CPU.ActiveCfg = Debug|Any CPU
		{C15A980F-EC4F-4627-AD46-E04BD89B8A40}.Debug|Any CPU.Build.0 = Debug|Any CPU
		{C15A980F-EC4F-4627-AD46-E04BD89B8A40}.Release|Any CPU.ActiveCfg = Release|Any CPU
		{C15A980F-EC4F-4627-AD46-E04BD89B8A40}.Release|Any CPU.Build.0 = Release|Any CPU
		{7B9F7946-F94F-44C3-934D-23227CA7DB92}.Debug|Any CPU.ActiveCfg = Debug|Any CPU
		{7B9F7946-F94F-44C3-934D-23227CA7DB92}.Debug|Any CPU.Build.0 = Debug|Any CPU
		{7B9F7946-F94F-44C3-934D-23227CA7DB92}.Release|Any CPU.ActiveCfg = Release|Any CPU
		{7B9F7946-F94F-44C3-934D-23227CA7DB92}.Release|Any CPU.Build.0 = Release|Any CPU
	EndGlobalSection
	GlobalSection(SolutionProperties) = preSolution
		HideSolutionNode = FALSE
	EndGlobalSection
	GlobalSection(ExtensibilityGlobals) = postSolution
		SolutionGuid = {1295BC92-4AEC-4EE4-B636-3AE48E7743F1}
	EndGlobalSection
EndGlobal
